
Microsoft Visual Studio Solution File, Format Version 12.00
# Visual Studio Version 16
VisualStudioVersion = 16.0.32428.217
MinimumVisualStudioVersion = 10.0.40219.1
Project("{FAE04EC0-301F-11D3-BF4B-00C04F79EFBC}") = "CRU_DMV_CAPP", "CRU_DMV_CAPP\CRU_DMV_CAPP.csproj", "{DFE46A32-6A8A-4F1E-AA00-FC2212362CD4}"
EndProject
Global
	GlobalSection(SolutionConfigurationPlatforms) = preSolution
		Debug|Any CPU = Debug|Any CPU
		Release|Any CPU = Release|Any CPU
	EndGlobalSection
	GlobalSection(ProjectConfigurationPlatforms) = postSolution
		{DFE46A32-6A8A-4F1E-AA00-FC2212362CD4}.Debug|Any CPU.ActiveCfg = Debug|Any CPU
		{DFE46A32-6A8A-4F1E-AA00-FC2212362CD4}.Debug|Any CPU.Build.0 = Debug|Any CPU
		{DFE46A32-6A8A-4F1E-AA00-FC2212362CD4}.Release|Any CPU.ActiveCfg = Release|Any CPU
		{DFE46A32-6A8A-4F1E-AA00-FC2212362CD4}.Release|Any CPU.Build.0 = Release|Any CPU
	EndGlobalSection
	GlobalSection(SolutionProperties) = preSolution
		HideSolutionNode = FALSE
	EndGlobalSection
	GlobalSection(ExtensibilityGlobals) = postSolution
		SolutionGuid = {5F89AF91-5E3D-41B0-9596-5C55BC6B1E43}
	EndGlobalSection
EndGlobal
